
Microsoft Visual Studio Solution File, Format Version 12.00
# Visual Studio Version 17
VisualStudioVersion = 17.3.32901.215
MinimumVisualStudioVersion = 10.0.40219.1
Project("{FAE04EC0-301F-11D3-BF4B-00C04F79EFBC}") = "DOTNETAdvanced-Opdracht4", "DOTNETAdvanced-Opdracht4\DOTNETAdvanced-Opdracht4.csproj", "{78E366B7-D8A9-4633-B368-A13B428029A8}"
EndProject
Global
	GlobalSection(SolutionConfigurationPlatforms) = preSolution
		Debug|Any CPU = Debug|Any CPU
		Release|Any CPU = Release|Any CPU
	EndGlobalSection
	GlobalSection(ProjectConfigurationPlatforms) = postSolution
		{78E366B7-D8A9-4633-B368-A13B428029A8}.Debug|Any CPU.ActiveCfg = Debug|Any CPU
		{78E366B7-D8A9-4633-B368-A13B428029A8}.Debug|Any CPU.Build.0 = Debug|Any CPU
		{78E366B7-D8A9-4633-B368-A13B428029A8}.Release|Any CPU.ActiveCfg = Release|Any CPU
		{78E366B7-D8A9-4633-B368-A13B428029A8}.Release|Any CPU.Build.0 = Release|Any CPU
	EndGlobalSection
	GlobalSection(SolutionProperties) = preSolution
		HideSolutionNode = FALSE
	EndGlobalSection
	GlobalSection(ExtensibilityGlobals) = postSolution
		SolutionGuid = {81A140C7-40BF-412C-9799-CA39ED71AC8B}
	EndGlobalSection
EndGlobal
